
Microsoft Visual Studio Solution File, Format Version 12.00
# Visual Studio 15
VisualStudioVersion = 15.0.28010.2019
MinimumVisualStudioVersion = 10.0.40219.1
Project("{FAE04EC0-301F-11D3-BF4B-00C04F79EFBC}") = "Proy-Net", "Proy-Net\Proy-Net.csproj", "{67BEC8F0-3CE4-424A-AA9E-30AFE85A01BC}"
EndProject
Global
	GlobalSection(SolutionConfigurationPlatforms) = preSolution
		Debug|Any CPU = Debug|Any CPU
		Release|Any CPU = Release|Any CPU
	EndGlobalSection
	GlobalSection(ProjectConfigurationPlatforms) = postSolution
		{67BEC8F0-3CE4-424A-AA9E-30AFE85A01BC}.Debug|Any CPU.ActiveCfg = Debug|Any CPU
		{67BEC8F0-3CE4-424A-AA9E-30AFE85A01BC}.Debug|Any CPU.Build.0 = Debug|Any CPU
		{67BEC8F0-3CE4-424A-AA9E-30AFE85A01BC}.Release|Any CPU.ActiveCfg = Release|Any CPU
		{67BEC8F0-3CE4-424A-AA9E-30AFE85A01BC}.Release|Any CPU.Build.0 = Release|Any CPU
	EndGlobalSection
	GlobalSection(SolutionProperties) = preSolution
		HideSolutionNode = FALSE
	EndGlobalSection
	GlobalSection(ExtensibilityGlobals) = postSolution
		SolutionGuid = {7FD92F6A-C501-4317-B498-ECC9EA269BBF}
	EndGlobalSection
EndGlobal
